// !$*UTF8*$!
{
	archiveVersion = 1;
	classes = {
	};
	objectVersion = 50;
	objects = {

/* Begin PBXBuildFile section */
		A24269B526B8DCE1009714D3 /* RegisterSUIApp.swift in Sources */ = {isa = PBXBuildFile; fileRef = A24269B426B8DCE1009714D3 /* RegisterSUIApp.swift */; };
		A24269B726B8DCE1009714D3 /* RegisterView.swift in Sources */ = {isa = PBXBuildFile; fileRef = A24269B626B8DCE1009714D3 /* RegisterView.swift */; };
		A24269B926B8DCE5009714D3 /* Assets.xcassets in Resources */ = {isa = PBXBuildFile; fileRef = A24269B826B8DCE5009714D3 /* Assets.xcassets */; };
		A24269BC26B8DCE5009714D3 /* Preview Assets.xcassets in Resources */ = {isa = PBXBuildFile; fileRef = A24269BB26B8DCE5009714D3 /* Preview Assets.xcassets */; };
		A24269CA26B8E265009714D3 /* ViewShadow.swift in Sources */ = {isa = PBXBuildFile; fileRef = A24269C926B8E265009714D3 /* ViewShadow.swift */; };
		A24269CC26B8E793009714D3 /* LogoView.swift in Sources */ = {isa = PBXBuildFile; fileRef = A24269CB26B8E793009714D3 /* LogoView.swift */; };
		A24269CE26B8E986009714D3 /* TextFieldStyle.swift in Sources */ = {isa = PBXBuildFile; fileRef = A24269CD26B8E986009714D3 /* TextFieldStyle.swift */; };
		A24269D026B8ED96009714D3 /* ButtonStyle.swift in Sources */ = {isa = PBXBuildFile; fileRef = A24269CF26B8ED96009714D3 /* ButtonStyle.swift */; };
		A24269D326B8EEA4009714D3 /* UserManager.swift in Sources */ = {isa = PBXBuildFile; fileRef = A24269D226B8EEA4009714D3 /* UserManager.swift */; };
		A24269D626B8F03F009714D3 /* ContentView.swift in Sources */ = {isa = PBXBuildFile; fileRef = A24269D526B8F03F009714D3 /* ContentView.swift */; };
		A24269D826B8F0C0009714D3 /* AccountView.swift in Sources */ = {isa = PBXBuildFile; fileRef = A24269D726B8F0C0009714D3 /* AccountView.swift */; };
		A24269DA26B8F776009714D3 /* SignUpButton.swift in Sources */ = {isa = PBXBuildFile; fileRef = A24269D926B8F776009714D3 /* SignUpButton.swift */; };
		A24269DD26B8FCAC009714D3 /* RegisterView+getContextBackgroundColor.swift in Sources */ = {isa = PBXBuildFile; fileRef = A24269DC26B8FCAC009714D3 /* RegisterView+getContextBackgroundColor.swift */; };
		A24269DF26B9168C009714D3 /* SettingsManager.swift in Sources */ = {isa = PBXBuildFile; fileRef = A24269DE26B9168C009714D3 /* SettingsManager.swift */; };
		A24269E426B91BC5009714D3 /* AccountViewBackground.swift in Sources */ = {isa = PBXBuildFile; fileRef = A24269E326B91BC5009714D3 /* AccountViewBackground.swift */; };
		A24269E626B9227A009714D3 /* LogoutButton.swift in Sources */ = {isa = PBXBuildFile; fileRef = A24269E526B9227A009714D3 /* LogoutButton.swift */; };
		A24269E826B92392009714D3 /* AccountTitle.swift in Sources */ = {isa = PBXBuildFile; fileRef = A24269E726B92392009714D3 /* AccountTitle.swift */; };
		A24269EA26B923C7009714D3 /* UserPhoto.swift in Sources */ = {isa = PBXBuildFile; fileRef = A24269E926B923C7009714D3 /* UserPhoto.swift */; };
/* End PBXBuildFile section */

/* Begin PBXFileReference section */
		A24269B126B8DCE1009714D3 /* RegisterSUI.app */ = {isa = PBXFileReference; explicitFileType = wrapper.application; includeInIndex = 0; path = RegisterSUI.app; sourceTree = BUILT_PRODUCTS_DIR; };
		A24269B426B8DCE1009714D3 /* RegisterSUIApp.swift */ = {isa = PBXFileReference; lastKnownFileType = sourcecode.swift; path = RegisterSUIApp.swift; sourceTree = "<group>"; };
		A24269B626B8DCE1009714D3 /* RegisterView.swift */ = {isa = PBXFileReference; lastKnownFileType = sourcecode.swift; path = RegisterView.swift; sourceTree = "<group>"; };
		A24269B826B8DCE5009714D3 /* Assets.xcassets */ = {isa = PBXFileReference; lastKnownFileType = folder.assetcatalog; path = Assets.xcassets; sourceTree = "<group>"; };
		A24269BB26B8DCE5009714D3 /* Preview Assets.xcassets */ = {isa = PBXFileReference; lastKnownFileType = folder.assetcatalog; path = "Preview Assets.xcassets"; sourceTree = "<group>"; };
		A24269BD26B8DCE5009714D3 /* Info.plist */ = {isa = PBXFileReference; lastKnownFileType = text.plist.xml; path = Info.plist; sourceTree = "<group>"; };
		A24269C926B8E265009714D3 /* ViewShadow.swift */ = {isa = PBXFileReference; lastKnownFileType = sourcecode.swift; path = ViewShadow.swift; sourceTree = "<group>"; };
		A24269CB26B8E793009714D3 /* LogoView.swift */ = {isa = PBXFileReference; lastKnownFileType = sourcecode.swift; path = LogoView.swift; sourceTree = "<group>"; };
		A24269CD26B8E986009714D3 /* TextFieldStyle.swift */ = {isa = PBXFileReference; fileEncoding = 4; lastKnownFileType = sourcecode.swift; path = TextFieldStyle.swift; sourceTree = "<group>"; };
		A24269CF26B8ED96009714D3 /* ButtonStyle.swift */ = {isa = PBXFileReference; fileEncoding = 4; lastKnownFileType = sourcecode.swift; path = ButtonStyle.swift; sourceTree = "<group>"; };
		A24269D226B8EEA4009714D3 /* UserManager.swift */ = {isa = PBXFileReference; lastKnownFileType = sourcecode.swift; path = UserManager.swift; sourceTree = "<group>"; };
		A24269D526B8F03F009714D3 /* ContentView.swift */ = {isa = PBXFileReference; lastKnownFileType = sourcecode.swift; path = ContentView.swift; sourceTree = "<group>"; };
		A24269D726B8F0C0009714D3 /* AccountView.swift */ = {isa = PBXFileReference; lastKnownFileType = sourcecode.swift; path = AccountView.swift; sourceTree = "<group>"; };
		A24269D926B8F776009714D3 /* SignUpButton.swift */ = {isa = PBXFileReference; lastKnownFileType = sourcecode.swift; path = SignUpButton.swift; sourceTree = "<group>"; };
		A24269DC26B8FCAC009714D3 /* RegisterView+getContextBackgroundColor.swift */ = {isa = PBXFileReference; lastKnownFileType = sourcecode.swift; path = "RegisterView+getContextBackgroundColor.swift"; sourceTree = "<group>"; };
		A24269DE26B9168C009714D3 /* SettingsManager.swift */ = {isa = PBXFileReference; lastKnownFileType = sourcecode.swift; path = SettingsManager.swift; sourceTree = "<group>"; };
		A24269E326B91BC5009714D3 /* AccountViewBackground.swift */ = {isa = PBXFileReference; lastKnownFileType = sourcecode.swift; path = AccountViewBackground.swift; sourceTree = "<group>"; };
		A24269E526B9227A009714D3 /* LogoutButton.swift */ = {isa = PBXFileReference; lastKnownFileType = sourcecode.swift; path = LogoutButton.swift; sourceTree = "<group>"; };
		A24269E726B92392009714D3 /* AccountTitle.swift */ = {isa = PBXFileReference; lastKnownFileType = sourcecode.swift; path = AccountTitle.swift; sourceTree = "<group>"; };
		A24269E926B923C7009714D3 /* UserPhoto.swift */ = {isa = PBXFileReference; lastKnownFileType = sourcecode.swift; path = UserPhoto.swift; sourceTree = "<group>"; };
/* End PBXFileReference section */

/* Begin PBXFrameworksBuildPhase section */
		A24269AE26B8DCE1009714D3 /* Frameworks */ = {
			isa = PBXFrameworksBuildPhase;
			buildActionMask = 2147483647;
			files = (
			);
			runOnlyForDeploymentPostprocessing = 0;
		};
/* End PBXFrameworksBuildPhase section */

/* Begin PBXGroup section */
		A24269A826B8DCE1009714D3 = {
			isa = PBXGroup;
			children = (
				A24269B326B8DCE1009714D3 /* RegisterSUI */,
				A24269B226B8DCE1009714D3 /* Products */,
			);
			sourceTree = "<group>";
		};
		A24269B226B8DCE1009714D3 /* Products */ = {
			isa = PBXGroup;
			children = (
				A24269B126B8DCE1009714D3 /* RegisterSUI.app */,
			);
			name = Products;
			sourceTree = "<group>";
		};
		A24269B326B8DCE1009714D3 /* RegisterSUI */ = {
			isa = PBXGroup;
			children = (
				A24269DB26B8FC7A009714D3 /* Extensions */,
				A24269C526B8DDF3009714D3 /* Application */,
				A24269D126B8EE93009714D3 /* Managers */,
				A24269C326B8DDB7009714D3 /* Views */,
				A24269C626B8DEDD009714D3 /* ViewModifiers */,
				A24269C426B8DDC8009714D3 /* Resources */,
				A24269BA26B8DCE5009714D3 /* Preview Content */,
			);
			path = RegisterSUI;
			sourceTree = "<group>";
		};
		A24269BA26B8DCE5009714D3 /* Preview Content */ = {
			isa = PBXGroup;
			children = (
				A24269BB26B8DCE5009714D3 /* Preview Assets.xcassets */,
			);
			path = "Preview Content";
			sourceTree = "<group>";
		};
		A24269C326B8DDB7009714D3 /* Views */ = {
			isa = PBXGroup;
			children = (
				A24269D426B8EF90009714D3 /* Screens */,
				A24269CB26B8E793009714D3 /* LogoView.swift */,
				A24269D926B8F776009714D3 /* SignUpButton.swift */,
				A24269E326B91BC5009714D3 /* AccountViewBackground.swift */,
				A24269E526B9227A009714D3 /* LogoutButton.swift */,
				A24269E726B92392009714D3 /* AccountTitle.swift */,
				A24269E926B923C7009714D3 /* UserPhoto.swift */,
			);
			path = Views;
			sourceTree = "<group>";
		};
		A24269C426B8DDC8009714D3 /* Resources */ = {
			isa = PBXGroup;
			children = (
				A24269B826B8DCE5009714D3 /* Assets.xcassets */,
				A24269BD26B8DCE5009714D3 /* Info.plist */,
			);
			path = Resources;
			sourceTree = "<group>";
		};
		A24269C526B8DDF3009714D3 /* Application */ = {
			isa = PBXGroup;
			children = (
				A24269B426B8DCE1009714D3 /* RegisterSUIApp.swift */,
			);
			path = Application;
			sourceTree = "<group>";
		};
		A24269C626B8DEDD009714D3 /* ViewModifiers */ = {
			isa = PBXGroup;
			children = (
				A24269C926B8E265009714D3 /* ViewShadow.swift */,
				A24269CD26B8E986009714D3 /* TextFieldStyle.swift */,
				A24269CF26B8ED96009714D3 /* ButtonStyle.swift */,
			);
			path = ViewModifiers;
			sourceTree = "<group>";
		};
		A24269D126B8EE93009714D3 /* Managers */ = {
			isa = PBXGroup;
			children = (
				A24269D226B8EEA4009714D3 /* UserManager.swift */,
				A24269DE26B9168C009714D3 /* SettingsManager.swift */,
			);
			path = Managers;
			sourceTree = "<group>";
		};
		A24269D426B8EF90009714D3 /* Screens */ = {
			isa = PBXGroup;
			children = (
				A24269B626B8DCE1009714D3 /* RegisterView.swift */,
				A24269D526B8F03F009714D3 /* ContentView.swift */,
				A24269D726B8F0C0009714D3 /* AccountView.swift */,
			);
			path = Screens;
			sourceTree = "<group>";
		};
		A24269DB26B8FC7A009714D3 /* Extensions */ = {
			isa = PBXGroup;
			children = (
				A24269DC26B8FCAC009714D3 /* RegisterView+getContextBackgroundColor.swift */,
			);
			path = Extensions;
			sourceTree = "<group>";
		};
/* End PBXGroup section */

/* Begin PBXNativeTarget section */
		A24269B026B8DCE1009714D3 /* RegisterSUI */ = {
			isa = PBXNativeTarget;
			buildConfigurationList = A24269C026B8DCE5009714D3 /* Build configuration list for PBXNativeTarget "RegisterSUI" */;
			buildPhases = (
				A24269AD26B8DCE1009714D3 /* Sources */,
				A24269AE26B8DCE1009714D3 /* Frameworks */,
				A24269AF26B8DCE1009714D3 /* Resources */,
			);
			buildRules = (
			);
			dependencies = (
			);
			name = RegisterSUI;
			productName = RegisterSUI;
			productReference = A24269B126B8DCE1009714D3 /* RegisterSUI.app */;
			productType = "com.apple.product-type.application";
		};
/* End PBXNativeTarget section */

/* Begin PBXProject section */
		A24269A926B8DCE1009714D3 /* Project object */ = {
			isa = PBXProject;
			attributes = {
				LastSwiftUpdateCheck = 1250;
				LastUpgradeCheck = 1250;
				TargetAttributes = {
					A24269B026B8DCE1009714D3 = {
						CreatedOnToolsVersion = 12.5.1;
					};
				};
			};
			buildConfigurationList = A24269AC26B8DCE1009714D3 /* Build configuration list for PBXProject "RegisterSUI" */;
			compatibilityVersion = "Xcode 9.3";
			developmentRegion = en;
			hasScannedForEncodings = 0;
			knownRegions = (
				en,
				Base,
			);
			mainGroup = A24269A826B8DCE1009714D3;
			productRefGroup = A24269B226B8DCE1009714D3 /* Products */;
			projectDirPath = "";
			projectRoot = "";
			targets = (
				A24269B026B8DCE1009714D3 /* RegisterSUI */,
			);
		};
/* End PBXProject section */

/* Begin PBXResourcesBuildPhase section */
		A24269AF26B8DCE1009714D3 /* Resources */ = {
			isa = PBXResourcesBuildPhase;
			buildActionMask = 2147483647;
			files = (
				A24269BC26B8DCE5009714D3 /* Preview Assets.xcassets in Resources */,
				A24269B926B8DCE5009714D3 /* Assets.xcassets in Resources */,
			);
			runOnlyForDeploymentPostprocessing = 0;
		};
/* End PBXResourcesBuildPhase section */

/* Begin PBXSourcesBuildPhase section */
		A24269AD26B8DCE1009714D3 /* Sources */ = {
			isa = PBXSourcesBuildPhase;
			buildActionMask = 2147483647;
			files = (
				A24269B726B8DCE1009714D3 /* RegisterView.swift in Sources */,
				A24269E626B9227A009714D3 /* LogoutButton.swift in Sources */,
				A24269CC26B8E793009714D3 /* LogoView.swift in Sources */,
				A24269EA26B923C7009714D3 /* UserPhoto.swift in Sources */,
				A24269E426B91BC5009714D3 /* AccountViewBackground.swift in Sources */,
				A24269D626B8F03F009714D3 /* ContentView.swift in Sources */,
				A24269D326B8EEA4009714D3 /* UserManager.swift in Sources */,
				A24269B526B8DCE1009714D3 /* RegisterSUIApp.swift in Sources */,
				A24269D026B8ED96009714D3 /* ButtonStyle.swift in Sources */,
				A24269E826B92392009714D3 /* AccountTitle.swift in Sources */,
				A24269D826B8F0C0009714D3 /* AccountView.swift in Sources */,
				A24269CE26B8E986009714D3 /* TextFieldStyle.swift in Sources */,
				A24269DF26B9168C009714D3 /* SettingsManager.swift in Sources */,
				A24269CA26B8E265009714D3 /* ViewShadow.swift in Sources */,
				A24269DA26B8F776009714D3 /* SignUpButton.swift in Sources */,
				A24269DD26B8FCAC009714D3 /* RegisterView+getContextBackgroundColor.swift in Sources */,
			);
			runOnlyForDeploymentPostprocessing = 0;
		};
/* End PBXSourcesBuildPhase section */

/* Begin XCBuildConfiguration section */
		A24269BE26B8DCE5009714D3 /* Debug */ = {
			isa = XCBuildConfiguration;
			buildSettings = {
				ALWAYS_SEARCH_USER_PATHS = NO;
				CLANG_ANALYZER_NONNULL = YES;
				CLANG_ANALYZER_NUMBER_OBJECT_CONVERSION = YES_AGGRESSIVE;
				CLANG_CXX_LANGUAGE_STANDARD = "gnu++14";
				CLANG_CXX_LIBRARY = "libc++";
				CLANG_ENABLE_MODULES = YES;
				CLANG_ENABLE_OBJC_ARC = YES;
				CLANG_ENABLE_OBJC_WEAK = YES;
				CLANG_WARN_BLOCK_CAPTURE_AUTORELEASING = YES;
				CLANG_WARN_BOOL_CONVERSION = YES;
				CLANG_WARN_COMMA = YES;
				CLANG_WARN_CONSTANT_CONVERSION = YES;
				CLANG_WARN_DEPRECATED_OBJC_IMPLEMENTATIONS = YES;
				CLANG_WARN_DIRECT_OBJC_ISA_USAGE = YES_ERROR;
				CLANG_WARN_DOCUMENTATION_COMMENTS = YES;
				CLANG_WARN_EMPTY_BODY = YES;
				CLANG_WARN_ENUM_CONVERSION = YES;
				CLANG_WARN_INFINITE_RECURSION = YES;
				CLANG_WARN_INT_CONVERSION = YES;
				CLANG_WARN_NON_LITERAL_NULL_CONVERSION = YES;
				CLANG_WARN_OBJC_IMPLICIT_RETAIN_SELF = YES;
				CLANG_WARN_OBJC_LITERAL_CONVERSION = YES;
				CLANG_WARN_OBJC_ROOT_CLASS = YES_ERROR;
				CLANG_WARN_QUOTED_INCLUDE_IN_FRAMEWORK_HEADER = YES;
				CLANG_WARN_RANGE_LOOP_ANALYSIS = YES;
				CLANG_WARN_STRICT_PROTOTYPES = YES;
				CLANG_WARN_SUSPICIOUS_MOVE = YES;
				CLANG_WARN_UNGUARDED_AVAILABILITY = YES_AGGRESSIVE;
				CLANG_WARN_UNREACHABLE_CODE = YES;
				CLANG_WARN__DUPLICATE_METHOD_MATCH = YES;
				COPY_PHASE_STRIP = NO;
				DEBUG_INFORMATION_FORMAT = dwarf;
				ENABLE_STRICT_OBJC_MSGSEND = YES;
				ENABLE_TESTABILITY = YES;
				GCC_C_LANGUAGE_STANDARD = gnu11;
				GCC_DYNAMIC_NO_PIC = NO;
				GCC_NO_COMMON_BLOCKS = YES;
				GCC_OPTIMIZATION_LEVEL = 0;
				GCC_PREPROCESSOR_DEFINITIONS = (
					"DEBUG=1",
					"$(inherited)",
				);
				GCC_WARN_64_TO_32_BIT_CONVERSION = YES;
				GCC_WARN_ABOUT_RETURN_TYPE = YES_ERROR;
				GCC_WARN_UNDECLARED_SELECTOR = YES;
				GCC_WARN_UNINITIALIZED_AUTOS = YES_AGGRESSIVE;
				GCC_WARN_UNUSED_FUNCTION = YES;
				GCC_WARN_UNUSED_VARIABLE = YES;
				IPHONEOS_DEPLOYMENT_TARGET = 14.5;
				MTL_ENABLE_DEBUG_INFO = INCLUDE_SOURCE;
				MTL_FAST_MATH = YES;
				ONLY_ACTIVE_ARCH = YES;
				SDKROOT = iphoneos;
				SWIFT_ACTIVE_COMPILATION_CONDITIONS = DEBUG;
				SWIFT_OPTIMIZATION_LEVEL = "-Onone";
			};
			name = Debug;
		};
		A24269BF26B8DCE5009714D3 /* Release */ = {
			isa = XCBuildConfiguration;
			buildSettings = {
				ALWAYS_SEARCH_USER_PATHS = NO;
				CLANG_ANALYZER_NONNULL = YES;
				CLANG_ANALYZER_NUMBER_OBJECT_CONVERSION = YES_AGGRESSIVE;
				CLANG_CXX_LANGUAGE_STANDARD = "gnu++14";
				CLANG_CXX_LIBRARY = "libc++";
				CLANG_ENABLE_MODULES = YES;
				CLANG_ENABLE_OBJC_ARC = YES;
				CLANG_ENABLE_OBJC_WEAK = YES;
				CLANG_WARN_BLOCK_CAPTURE_AUTORELEASING = YES;
				CLANG_WARN_BOOL_CONVERSION = YES;
				CLANG_WARN_COMMA = YES;
				CLANG_WARN_CONSTANT_CONVERSION = YES;
				CLANG_WARN_DEPRECATED_OBJC_IMPLEMENTATIONS = YES;
				CLANG_WARN_DIRECT_OBJC_ISA_USAGE = YES_ERROR;
				CLANG_WARN_DOCUMENTATION_COMMENTS = YES;
				CLANG_WARN_EMPTY_BODY = YES;
				CLANG_WARN_ENUM_CONVERSION = YES;
				CLANG_WARN_INFINITE_RECURSION = YES;
				CLANG_WARN_INT_CONVERSION = YES;
				CLANG_WARN_NON_LITERAL_NULL_CONVERSION = YES;
				CLANG_WARN_OBJC_IMPLICIT_RETAIN_SELF = YES;
				CLANG_WARN_OBJC_LITERAL_CONVERSION = YES;
				CLANG_WARN_OBJC_ROOT_CLASS = YES_ERROR;
				CLANG_WARN_QUOTED_INCLUDE_IN_FRAMEWORK_HEADER = YES;
				CLANG_WARN_RANGE_LOOP_ANALYSIS = YES;
				CLANG_WARN_STRICT_PROTOTYPES = YES;
				CLANG_WARN_SUSPICIOUS_MOVE = YES;
				CLANG_WARN_UNGUARDED_AVAILABILITY = YES_AGGRESSIVE;
				CLANG_WARN_UNREACHABLE_CODE = YES;
				CLANG_WARN__DUPLICATE_METHOD_MATCH = YES;
				COPY_PHASE_STRIP = NO;
				DEBUG_INFORMATION_FORMAT = "dwarf-with-dsym";
				ENABLE_NS_ASSERTIONS = NO;
				ENABLE_STRICT_OBJC_MSGSEND = YES;
				GCC_C_LANGUAGE_STANDARD = gnu11;
				GCC_NO_COMMON_BLOCKS = YES;
				GCC_WARN_64_TO_32_BIT_CONVERSION = YES;
				GCC_WARN_ABOUT_RETURN_TYPE = YES_ERROR;
				GCC_WARN_UNDECLARED_SELECTOR = YES;
				GCC_WARN_UNINITIALIZED_AUTOS = YES_AGGRESSIVE;
				GCC_WARN_UNUSED_FUNCTION = YES;
				GCC_WARN_UNUSED_VARIABLE = YES;
				IPHONEOS_DEPLOYMENT_TARGET = 14.5;
				MTL_ENABLE_DEBUG_INFO = NO;
				MTL_FAST_MATH = YES;
				SDKROOT = iphoneos;
				SWIFT_COMPILATION_MODE = wholemodule;
				SWIFT_OPTIMIZATION_LEVEL = "-O";
				VALIDATE_PRODUCT = YES;
			};
			name = Release;
		};
		A24269C126B8DCE5009714D3 /* Debug */ = {
			isa = XCBuildConfiguration;
			buildSettings = {
				ASSETCATALOG_COMPILER_APPICON_NAME = AppIcon;
				ASSETCATALOG_COMPILER_GLOBAL_ACCENT_COLOR_NAME = AccentColor;
				CODE_SIGN_STYLE = Automatic;
				DEVELOPMENT_ASSET_PATHS = "\"RegisterSUI/Preview Content\"";
				DEVELOPMENT_TEAM = HP2GYZ69BY;
				ENABLE_PREVIEWS = YES;
				INFOPLIST_FILE = RegisterSUI/Resources/Info.plist;
				IPHONEOS_DEPLOYMENT_TARGET = 14.0;
				LD_RUNPATH_SEARCH_PATHS = (
					"$(inherited)",
					"@executable_path/Frameworks",
				);
				PRODUCT_BUNDLE_IDENTIFIER = ru.codensk.RegisterSUI;
				PRODUCT_NAME = "$(TARGET_NAME)";
				SWIFT_VERSION = 5.0;
				TARGETED_DEVICE_FAMILY = "1,2";
			};
			name = Debug;
		};
		A24269C226B8DCE5009714D3 /* Release */ = {
			isa = XCBuildConfiguration;
			buildSettings = {
				ASSETCATALOG_COMPILER_APPICON_NAME = AppIcon;
				ASSETCATALOG_COMPILER_GLOBAL_ACCENT_COLOR_NAME = AccentColor;
				CODE_SIGN_STYLE = Automatic;
				DEVELOPMENT_ASSET_PATHS = "\"RegisterSUI/Preview Content\"";
				DEVELOPMENT_TEAM = HP2GYZ69BY;
				ENABLE_PREVIEWS = YES;
				INFOPLIST_FILE = RegisterSUI/Resources/Info.plist;
				IPHONEOS_DEPLOYMENT_TARGET = 14.0;
				LD_RUNPATH_SEARCH_PATHS = (
					"$(inherited)",
					"@executable_path/Frameworks",
				);
				PRODUCT_BUNDLE_IDENTIFIER = ru.codensk.RegisterSUI;
				PRODUCT_NAME = "$(TARGET_NAME)";
				SWIFT_VERSION = 5.0;
				TARGETED_DEVICE_FAMILY = "1,2";
			};
			name = Release;
		};
/* End XCBuildConfiguration section */

/* Begin XCConfigurationList section */
		A24269AC26B8DCE1009714D3 /* Build configuration list for PBXProject "RegisterSUI" */ = {
			isa = XCConfigurationList;
			buildConfigurations = (
				A24269BE26B8DCE5009714D3 /* Debug */,
				A24269BF26B8DCE5009714D3 /* Release */,
			);
			defaultConfigurationIsVisible = 0;
			defaultConfigurationName = Release;
		};
		A24269C026B8DCE5009714D3 /* Build configuration list for PBXNativeTarget "RegisterSUI" */ = {
			isa = XCConfigurationList;
			buildConfigurations = (
				A24269C126B8DCE5009714D3 /* Debug */,
				A24269C226B8DCE5009714D3 /* Release */,
			);
			defaultConfigurationIsVisible = 0;
			defaultConfigurationName = Release;
		};
/* End XCConfigurationList section */
	};
	rootObject = A24269A926B8DCE1009714D3 /* Project object */;
}
